
Microsoft Visual Studio Solution File, Format Version 12.00
# Visual Studio 15
VisualStudioVersion = 15.0.26403.7
MinimumVisualStudioVersion = 10.0.40219.1
Project("{FAE04EC0-301F-11D3-BF4B-00C04F79EFBC}") = "GraphLoader", "GraphLoader\GraphLoader.csproj", "{902607D1-6FAD-4CC1-9B78-9D85E22A0CDA}"
	ProjectSection(ProjectDependencies) = postProject
		{D7D7A025-A330-48C2-823D-E81C78B861E6} = {D7D7A025-A330-48C2-823D-E81C78B861E6}
	EndProjectSection
EndProject
Project("{FAE04EC0-301F-11D3-BF4B-00C04F79EFBC}") = "GraphLib", "GraphLib\GraphLib.csproj", "{B443DB58-C5A8-4780-8CB7-E8018EFD8BD1}"
EndProject
Project("{00D1A9C2-B5F0-4AF3-8072-F6C62B433612}") = "GraphDB", "GraphDB\GraphDB.sqlproj", "{7C9AFFC3-F7CE-42BA-8F2A-4122305C21BA}"
EndProject
Project("{2150E333-8FDC-42A3-9474-1A3956D46DE8}") = "Tests", "Tests", "{8C8A756B-A204-4EA5-9B3B-F69F0746510C}"
EndProject
Project("{FAE04EC0-301F-11D3-BF4B-00C04F79EFBC}") = "GraphLib.Tests", "GraphLib.Tests\GraphLib.Tests.csproj", "{7A45586A-7231-419E-B9AC-CEE3DEC1C181}"
EndProject
Project("{FAE04EC0-301F-11D3-BF4B-00C04F79EFBC}") = "GraphServices", "GraphServices\GraphServices.csproj", "{D7D7A025-A330-48C2-823D-E81C78B861E6}"
EndProject
Global
	GlobalSection(SolutionConfigurationPlatforms) = preSolution
		Debug|Any CPU = Debug|Any CPU
		Release|Any CPU = Release|Any CPU
	EndGlobalSection
	GlobalSection(ProjectConfigurationPlatforms) = postSolution
		{902607D1-6FAD-4CC1-9B78-9D85E22A0CDA}.Debug|Any CPU.ActiveCfg = Debug|Any CPU
		{902607D1-6FAD-4CC1-9B78-9D85E22A0CDA}.Debug|Any CPU.Build.0 = Debug|Any CPU
		{902607D1-6FAD-4CC1-9B78-9D85E22A0CDA}.Release|Any CPU.ActiveCfg = Release|Any CPU
		{902607D1-6FAD-4CC1-9B78-9D85E22A0CDA}.Release|Any CPU.Build.0 = Release|Any CPU
		{B443DB58-C5A8-4780-8CB7-E8018EFD8BD1}.Debug|Any CPU.ActiveCfg = Debug|Any CPU
		{B443DB58-C5A8-4780-8CB7-E8018EFD8BD1}.Debug|Any CPU.Build.0 = Debug|Any CPU
		{B443DB58-C5A8-4780-8CB7-E8018EFD8BD1}.Release|Any CPU.ActiveCfg = Release|Any CPU
		{B443DB58-C5A8-4780-8CB7-E8018EFD8BD1}.Release|Any CPU.Build.0 = Release|Any CPU
		{7C9AFFC3-F7CE-42BA-8F2A-4122305C21BA}.Debug|Any CPU.ActiveCfg = Debug|Any CPU
		{7C9AFFC3-F7CE-42BA-8F2A-4122305C21BA}.Debug|Any CPU.Build.0 = Debug|Any CPU
		{7C9AFFC3-F7CE-42BA-8F2A-4122305C21BA}.Debug|Any CPU.Deploy.0 = Debug|Any CPU
		{7C9AFFC3-F7CE-42BA-8F2A-4122305C21BA}.Release|Any CPU.ActiveCfg = Release|Any CPU
		{7C9AFFC3-F7CE-42BA-8F2A-4122305C21BA}.Release|Any CPU.Build.0 = Release|Any CPU
		{7C9AFFC3-F7CE-42BA-8F2A-4122305C21BA}.Release|Any CPU.Deploy.0 = Release|Any CPU
		{7A45586A-7231-419E-B9AC-CEE3DEC1C181}.Debug|Any CPU.ActiveCfg = Debug|Any CPU
		{7A45586A-7231-419E-B9AC-CEE3DEC1C181}.Debug|Any CPU.Build.0 = Debug|Any CPU
		{7A45586A-7231-419E-B9AC-CEE3DEC1C181}.Release|Any CPU.ActiveCfg = Release|Any CPU
		{7A45586A-7231-419E-B9AC-CEE3DEC1C181}.Release|Any CPU.Build.0 = Release|Any CPU
		{D7D7A025-A330-48C2-823D-E81C78B861E6}.Debug|Any CPU.ActiveCfg = Debug|Any CPU
		{D7D7A025-A330-48C2-823D-E81C78B861E6}.Debug|Any CPU.Build.0 = Debug|Any CPU
		{D7D7A025-A330-48C2-823D-E81C78B861E6}.Release|Any CPU.ActiveCfg = Release|Any CPU
		{D7D7A025-A330-48C2-823D-E81C78B861E6}.Release|Any CPU.Build.0 = Release|Any CPU
	EndGlobalSection
	GlobalSection(SolutionProperties) = preSolution
		HideSolutionNode = FALSE
	EndGlobalSection
	GlobalSection(NestedProjects) = preSolution
		{7A45586A-7231-419E-B9AC-CEE3DEC1C181} = {8C8A756B-A204-4EA5-9B3B-F69F0746510C}
	EndGlobalSection
EndGlobal
